
Microsoft Visual Studio Solution File, Format Version 12.00
# Visual Studio Version 16
VisualStudioVersion = 16.0.30621.155
MinimumVisualStudioVersion = 10.0.40219.1
Project("{FAE04EC0-301F-11D3-BF4B-00C04F79EFBC}") = "ClipRecver", "ClipRecver\ClipRecver.csproj", "{740982C6-6203-4DD1-9EDE-896C7F8BB61A}"
EndProject
Global
	GlobalSection(SolutionConfigurationPlatforms) = preSolution
		Debug|Any CPU = Debug|Any CPU
		Release|Any CPU = Release|Any CPU
	EndGlobalSection
	GlobalSection(ProjectConfigurationPlatforms) = postSolution
		{740982C6-6203-4DD1-9EDE-896C7F8BB61A}.Debug|Any CPU.ActiveCfg = Debug|Any CPU
		{740982C6-6203-4DD1-9EDE-896C7F8BB61A}.Debug|Any CPU.Build.0 = Debug|Any CPU
		{740982C6-6203-4DD1-9EDE-896C7F8BB61A}.Release|Any CPU.ActiveCfg = Release|Any CPU
		{740982C6-6203-4DD1-9EDE-896C7F8BB61A}.Release|Any CPU.Build.0 = Release|Any CPU
	EndGlobalSection
	GlobalSection(SolutionProperties) = preSolution
		HideSolutionNode = FALSE
	EndGlobalSection
	GlobalSection(ExtensibilityGlobals) = postSolution
		SolutionGuid = {7E94EC6A-4A33-408B-B06C-EAF558BD4D6D}
	EndGlobalSection
EndGlobal
